
Microsoft Visual Studio Solution File, Format Version 12.00
# Visual Studio Version 17
VisualStudioVersion = 17.5.002.0
MinimumVisualStudioVersion = 10.0.40219.1
Project("{9A19103F-16F7-4668-BE54-9A1E7A4F7556}") = "Dio Hero XP Challenge", "Dio Hero XP Challenge.csproj", "{C84D8070-E32C-45EE-9B57-6FD25E6FEB8D}"
EndProject
Global
	GlobalSection(SolutionConfigurationPlatforms) = preSolution
		Debug|Any CPU = Debug|Any CPU
		Release|Any CPU = Release|Any CPU
	EndGlobalSection
	GlobalSection(ProjectConfigurationPlatforms) = postSolution
		{C84D8070-E32C-45EE-9B57-6FD25E6FEB8D}.Debug|Any CPU.ActiveCfg = Debug|Any CPU
		{C84D8070-E32C-45EE-9B57-6FD25E6FEB8D}.Debug|Any CPU.Build.0 = Debug|Any CPU
		{C84D8070-E32C-45EE-9B57-6FD25E6FEB8D}.Release|Any CPU.ActiveCfg = Release|Any CPU
		{C84D8070-E32C-45EE-9B57-6FD25E6FEB8D}.Release|Any CPU.Build.0 = Release|Any CPU
	EndGlobalSection
	GlobalSection(SolutionProperties) = preSolution
		HideSolutionNode = FALSE
	EndGlobalSection
	GlobalSection(ExtensibilityGlobals) = postSolution
		SolutionGuid = {379FBB13-DE3A-4D44-A8E2-1B8F22273180}
	EndGlobalSection
EndGlobal
